
Microsoft Visual Studio Solution File, Format Version 12.00
# Visual Studio Version 17
VisualStudioVersion = 17.3.32901.215
MinimumVisualStudioVersion = 10.0.40219.1
Project("{FAE04EC0-301F-11D3-BF4B-00C04F79EFBC}") = "IleriRepository", "IleriRepository\IleriRepository.csproj", "{F8FAA3BA-0F21-40F6-86CB-0FBE39ED3601}"
EndProject
Global
	GlobalSection(SolutionConfigurationPlatforms) = preSolution
		Debug|Any CPU = Debug|Any CPU
		Release|Any CPU = Release|Any CPU
	EndGlobalSection
	GlobalSection(ProjectConfigurationPlatforms) = postSolution
		{F8FAA3BA-0F21-40F6-86CB-0FBE39ED3601}.Debug|Any CPU.ActiveCfg = Debug|Any CPU
		{F8FAA3BA-0F21-40F6-86CB-0FBE39ED3601}.Debug|Any CPU.Build.0 = Debug|Any CPU
		{F8FAA3BA-0F21-40F6-86CB-0FBE39ED3601}.Release|Any CPU.ActiveCfg = Release|Any CPU
		{F8FAA3BA-0F21-40F6-86CB-0FBE39ED3601}.Release|Any CPU.Build.0 = Release|Any CPU
	EndGlobalSection
	GlobalSection(SolutionProperties) = preSolution
		HideSolutionNode = FALSE
	EndGlobalSection
	GlobalSection(ExtensibilityGlobals) = postSolution
		SolutionGuid = {547E6398-D32F-4947-8F59-532F8AC5BDD2}
	EndGlobalSection
EndGlobal
